
Microsoft Visual Studio Solution File, Format Version 12.00
# Visual Studio Version 17
VisualStudioVersion = 17.12.35527.113 d17.12
MinimumVisualStudioVersion = 10.0.40219.1
Project("{FAE04EC0-301F-11D3-BF4B-00C04F79EFBC}") = "LessonBooker", "LessonBooker\LessonBooker.csproj", "{162DF04C-97F3-4DA1-9084-823E72BF33DC}"
EndProject
Project("{FAE04EC0-301F-11D3-BF4B-00C04F79EFBC}") = "LBCore", "LBCore\LBCore.csproj", "{DC8B2A47-1F6E-4332-963D-14298D97814B}"
EndProject
Project("{FAE04EC0-301F-11D3-BF4B-00C04F79EFBC}") = "LBRepository", "LBRepository\LBRepository.csproj", "{55527D36-27A6-43C7-B0B2-6F3CAD5CE79A}"
EndProject
Project("{FAE04EC0-301F-11D3-BF4B-00C04F79EFBC}") = "LBTesting", "LBTesting\LBTesting.csproj", "{A10996A2-CFB8-451B-B6FA-E42119C270E9}"
EndProject
Global
	GlobalSection(SolutionConfigurationPlatforms) = preSolution
		Debug|Any CPU = Debug|Any CPU
		Release|Any CPU = Release|Any CPU
	EndGlobalSection
	GlobalSection(ProjectConfigurationPlatforms) = postSolution
		{162DF04C-97F3-4DA1-9084-823E72BF33DC}.Debug|Any CPU.ActiveCfg = Debug|Any CPU
		{162DF04C-97F3-4DA1-9084-823E72BF33DC}.Debug|Any CPU.Build.0 = Debug|Any CPU
		{162DF04C-97F3-4DA1-9084-823E72BF33DC}.Release|Any CPU.ActiveCfg = Release|Any CPU
		{162DF04C-97F3-4DA1-9084-823E72BF33DC}.Release|Any CPU.Build.0 = Release|Any CPU
		{DC8B2A47-1F6E-4332-963D-14298D97814B}.Debug|Any CPU.ActiveCfg = Debug|Any CPU
		{DC8B2A47-1F6E-4332-963D-14298D97814B}.Debug|Any CPU.Build.0 = Debug|Any CPU
		{DC8B2A47-1F6E-4332-963D-14298D97814B}.Release|Any CPU.ActiveCfg = Release|Any CPU
		{DC8B2A47-1F6E-4332-963D-14298D97814B}.Release|Any CPU.Build.0 = Release|Any CPU
		{55527D36-27A6-43C7-B0B2-6F3CAD5CE79A}.Debug|Any CPU.ActiveCfg = Debug|Any CPU
		{55527D36-27A6-43C7-B0B2-6F3CAD5CE79A}.Debug|Any CPU.Build.0 = Debug|Any CPU
		{55527D36-27A6-43C7-B0B2-6F3CAD5CE79A}.Release|Any CPU.ActiveCfg = Release|Any CPU
		{55527D36-27A6-43C7-B0B2-6F3CAD5CE79A}.Release|Any CPU.Build.0 = Release|Any CPU
		{A10996A2-CFB8-451B-B6FA-E42119C270E9}.Debug|Any CPU.ActiveCfg = Debug|Any CPU
		{A10996A2-CFB8-451B-B6FA-E42119C270E9}.Debug|Any CPU.Build.0 = Debug|Any CPU
		{A10996A2-CFB8-451B-B6FA-E42119C270E9}.Release|Any CPU.ActiveCfg = Release|Any CPU
		{A10996A2-CFB8-451B-B6FA-E42119C270E9}.Release|Any CPU.Build.0 = Release|Any CPU
	EndGlobalSection
	GlobalSection(SolutionProperties) = preSolution
		HideSolutionNode = FALSE
	EndGlobalSection
EndGlobal
